
Microsoft Visual Studio Solution File, Format Version 12.00
# Visual Studio Version 17
VisualStudioVersion = 17.7.34221.43
MinimumVisualStudioVersion = 10.0.40219.1
Project("{FAE04EC0-301F-11D3-BF4B-00C04F79EFBC}") = "dom9(2)", "dom9(2)\dom9(2).csproj", "{D0F0729E-2A11-473F-9B43-D03E576D12BA}"
EndProject
Global
	GlobalSection(SolutionConfigurationPlatforms) = preSolution
		Debug|Any CPU = Debug|Any CPU
		Release|Any CPU = Release|Any CPU
	EndGlobalSection
	GlobalSection(ProjectConfigurationPlatforms) = postSolution
		{D0F0729E-2A11-473F-9B43-D03E576D12BA}.Debug|Any CPU.ActiveCfg = Debug|Any CPU
		{D0F0729E-2A11-473F-9B43-D03E576D12BA}.Debug|Any CPU.Build.0 = Debug|Any CPU
		{D0F0729E-2A11-473F-9B43-D03E576D12BA}.Release|Any CPU.ActiveCfg = Release|Any CPU
		{D0F0729E-2A11-473F-9B43-D03E576D12BA}.Release|Any CPU.Build.0 = Release|Any CPU
	EndGlobalSection
	GlobalSection(SolutionProperties) = preSolution
		HideSolutionNode = FALSE
	EndGlobalSection
	GlobalSection(ExtensibilityGlobals) = postSolution
		SolutionGuid = {9C21021A-8CB0-420B-ABC1-6C3F66411FF1}
	EndGlobalSection
EndGlobal
